
Microsoft Visual Studio Solution File, Format Version 12.00
# Visual Studio Version 17
VisualStudioVersion = 17.5.002.0
MinimumVisualStudioVersion = 10.0.40219.1
Project("{9A19103F-16F7-4668-BE54-9A1E7A4F7556}") = "pfcti-customer-netcore", "Source\PfctiCustomerCore.csproj", "{53362C4D-3B56-49B0-8CAD-10F99C6CF79D}"
EndProject
Project("{FAE04EC0-301F-11D3-BF4B-00C04F79EFBC}") = "Tests", "Tests\PfctiCustomerCore.Tests.csproj", "{9F0B5C69-6E96-4CAF-9EA3-649EB864CB41}"
EndProject
Global
	GlobalSection(SolutionConfigurationPlatforms) = preSolution
		Debug|Any CPU = Debug|Any CPU
		Release|Any CPU = Release|Any CPU
	EndGlobalSection
	GlobalSection(ProjectConfigurationPlatforms) = postSolution
		{53362C4D-3B56-49B0-8CAD-10F99C6CF79D}.Debug|Any CPU.ActiveCfg = Debug|Any CPU
		{53362C4D-3B56-49B0-8CAD-10F99C6CF79D}.Debug|Any CPU.Build.0 = Debug|Any CPU
		{53362C4D-3B56-49B0-8CAD-10F99C6CF79D}.Release|Any CPU.ActiveCfg = Release|Any CPU
		{53362C4D-3B56-49B0-8CAD-10F99C6CF79D}.Release|Any CPU.Build.0 = Release|Any CPU
		{9F0B5C69-6E96-4CAF-9EA3-649EB864CB41}.Debug|Any CPU.ActiveCfg = Debug|Any CPU
		{9F0B5C69-6E96-4CAF-9EA3-649EB864CB41}.Debug|Any CPU.Build.0 = Debug|Any CPU
		{9F0B5C69-6E96-4CAF-9EA3-649EB864CB41}.Release|Any CPU.ActiveCfg = Release|Any CPU
		{9F0B5C69-6E96-4CAF-9EA3-649EB864CB41}.Release|Any CPU.Build.0 = Release|Any CPU
	EndGlobalSection
	GlobalSection(SolutionProperties) = preSolution
		HideSolutionNode = FALSE
	EndGlobalSection
	GlobalSection(ExtensibilityGlobals) = postSolution
		SolutionGuid = {B06512FE-313C-4910-AE44-D7011EFDB1A1}
	EndGlobalSection
EndGlobal
